
Microsoft Visual Studio Solution File, Format Version 11.00
# Visual Studio 2010
Project("{8BC9CEB8-8B4A-11D0-8D11-00A0C91BC942}") = "SDL", "SDL\SDL.vcxproj", "{246F4652-CE0E-4721-B9FE-C90F09541003}"
EndProject
Project("{8BC9CEB8-8B4A-11D0-8D11-00A0C91BC942}") = "freetype", "..\external\freetype-2.13.3\builds\ps3\freetype.vcxproj", "{EF1A2B4A-32B8-48EA-B5EB-23193570E584}"
EndProject
Project("{8BC9CEB8-8B4A-11D0-8D11-00A0C91BC942}") = "SDL_ttf", "..\extra\SDL2_ttf-2.0.13\PS3\SDL_ttf.vcxproj", "{A654FF8D-0881-4397-9FD1-AB8A33F12975}"
EndProject
Project("{8BC9CEB8-8B4A-11D0-8D11-00A0C91BC942}") = "jpeg-9f", "..\external\jpeg-9f\PS3\jpeg-9f.vcxproj", "{8FCF8A71-6E50-4303-A34E-1CB88F5D116D}"
EndProject
Project("{8BC9CEB8-8B4A-11D0-8D11-00A0C91BC942}") = "zlib", "..\external\zlib-1.3.1\PS3\zlib.vcxproj", "{526A7C48-092F-412D-88B2-DED15EF00BF9}"
EndProject
Project("{8BC9CEB8-8B4A-11D0-8D11-00A0C91BC942}") = "libpng", "..\external\libpng-1.6.44\projects\ps3\libpng.vcxproj", "{CD304CEB-5FF3-4E1D-8E70-9668B308D324}"
EndProject
Project("{8BC9CEB8-8B4A-11D0-8D11-00A0C91BC942}") = "tiff", "..\external\tiff-4.7.0\PS3\tiff.vcxproj", "{92DF3B8D-0B25-4C1D-B1AC-AE6C470D7227}"
EndProject
Project("{8BC9CEB8-8B4A-11D0-8D11-00A0C91BC942}") = "SDL_image", "..\extra\SDL2_image-2.0.5\PS3\SDL_image.vcxproj", "{816BF0CB-1BB5-4080-865E-D35B266AD71A}"
EndProject
Project("{8BC9CEB8-8B4A-11D0-8D11-00A0C91BC942}") = "SDL_mixer", "..\extra\SDL2_mixer-2.0.4\PS3\SDL_mixer.vcxproj", "{EC70F1DD-66C8-4274-8ACE-749278BBEE58}"
EndProject
Project("{8BC9CEB8-8B4A-11D0-8D11-00A0C91BC942}") = "libflac", "..\external\flac-1.4.3\PS3\libflac.vcxproj", "{9D9F4B96-246A-402D-85EA-FF9FC37E587B}"
EndProject
Project("{8BC9CEB8-8B4A-11D0-8D11-00A0C91BC942}") = "libogg", "..\external\libogg-1.3.5\PS3\libogg.vcxproj", "{74796201-608B-4F4F-9A06-4F177AF83B0C}"
EndProject
Project("{8BC9CEB8-8B4A-11D0-8D11-00A0C91BC942}") = "mpg123", "..\external\mpg123-1.32.10\PS3\mpg123.vcxproj", "{508E1ECD-CCCD-47FD-A3A8-0792621190CA}"
EndProject
Project("{8BC9CEB8-8B4A-11D0-8D11-00A0C91BC942}") = "libvorbis", "..\external\libvorbis-1.3.7\PS3\libvorbis.vcxproj", "{A9720B30-1AF7-4DDF-85C8-3D03BE20A68A}"
EndProject
Project("{8BC9CEB8-8B4A-11D0-8D11-00A0C91BC942}") = "libopus", "..\external\opus-1.5.2\PS3\libopus.vcxproj", "{58C6A193-D4B2-4AFF-8EFC-93C93A5294E8}"
EndProject
Project("{8BC9CEB8-8B4A-11D0-8D11-00A0C91BC942}") = "opusfile", "..\external\opusfile-0.12\PS3\opusfile.vcxproj", "{9948C615-B345-47FC-85F0-DA8989A3C3C5}"
EndProject
Project("{8BC9CEB8-8B4A-11D0-8D11-00A0C91BC942}") = "libmodplug", "..\external\libmodplug-0.8.9.0\PS3\libmodplug.vcxproj", "{D22F76BF-1D58-4D7D-9DE1-6A9C0B913512}"
EndProject
Project("{8BC9CEB8-8B4A-11D0-8D11-00A0C91BC942}") = "SDL_net", "..\extra\SDL2_net-2.0.1\PS3\SDL_net.vcxproj", "{B75424D9-AF24-45A7-B0AC-798774BF2C0C}"
EndProject
Global
	GlobalSection(SolutionConfigurationPlatforms) = preSolution
		Debug|PS3 = Debug|PS3
		Release|PS3 = Release|PS3
	EndGlobalSection
	GlobalSection(ProjectConfigurationPlatforms) = postSolution
		{246F4652-CE0E-4721-B9FE-C90F09541003}.Debug|PS3.ActiveCfg = Debug|PS3
		{246F4652-CE0E-4721-B9FE-C90F09541003}.Debug|PS3.Build.0 = Debug|PS3
		{246F4652-CE0E-4721-B9FE-C90F09541003}.Release|PS3.ActiveCfg = Release|PS3
		{246F4652-CE0E-4721-B9FE-C90F09541003}.Release|PS3.Build.0 = Release|PS3
		{EF1A2B4A-32B8-48EA-B5EB-23193570E584}.Debug|PS3.ActiveCfg = Debug|PS3
		{EF1A2B4A-32B8-48EA-B5EB-23193570E584}.Debug|PS3.Build.0 = Debug|PS3
		{EF1A2B4A-32B8-48EA-B5EB-23193570E584}.Release|PS3.ActiveCfg = Release|PS3
		{EF1A2B4A-32B8-48EA-B5EB-23193570E584}.Release|PS3.Build.0 = Release|PS3
		{A654FF8D-0881-4397-9FD1-AB8A33F12975}.Debug|PS3.ActiveCfg = Debug|PS3
		{A654FF8D-0881-4397-9FD1-AB8A33F12975}.Debug|PS3.Build.0 = Debug|PS3
		{A654FF8D-0881-4397-9FD1-AB8A33F12975}.Release|PS3.ActiveCfg = Release|PS3
		{A654FF8D-0881-4397-9FD1-AB8A33F12975}.Release|PS3.Build.0 = Release|PS3
		{8FCF8A71-6E50-4303-A34E-1CB88F5D116D}.Debug|PS3.ActiveCfg = Debug|PS3
		{8FCF8A71-6E50-4303-A34E-1CB88F5D116D}.Debug|PS3.Build.0 = Debug|PS3
		{8FCF8A71-6E50-4303-A34E-1CB88F5D116D}.Release|PS3.ActiveCfg = Release|PS3
		{8FCF8A71-6E50-4303-A34E-1CB88F5D116D}.Release|PS3.Build.0 = Release|PS3
		{526A7C48-092F-412D-88B2-DED15EF00BF9}.Debug|PS3.ActiveCfg = Debug|PS3
		{526A7C48-092F-412D-88B2-DED15EF00BF9}.Debug|PS3.Build.0 = Debug|PS3
		{526A7C48-092F-412D-88B2-DED15EF00BF9}.Release|PS3.ActiveCfg = Release|PS3
		{526A7C48-092F-412D-88B2-DED15EF00BF9}.Release|PS3.Build.0 = Release|PS3
		{CD304CEB-5FF3-4E1D-8E70-9668B308D324}.Debug|PS3.ActiveCfg = Debug|PS3
		{CD304CEB-5FF3-4E1D-8E70-9668B308D324}.Debug|PS3.Build.0 = Debug|PS3
		{CD304CEB-5FF3-4E1D-8E70-9668B308D324}.Release|PS3.ActiveCfg = Release|PS3
		{CD304CEB-5FF3-4E1D-8E70-9668B308D324}.Release|PS3.Build.0 = Release|PS3
		{92DF3B8D-0B25-4C1D-B1AC-AE6C470D7227}.Debug|PS3.ActiveCfg = Debug|PS3
		{92DF3B8D-0B25-4C1D-B1AC-AE6C470D7227}.Debug|PS3.Build.0 = Debug|PS3
		{92DF3B8D-0B25-4C1D-B1AC-AE6C470D7227}.Release|PS3.ActiveCfg = Release|PS3
		{92DF3B8D-0B25-4C1D-B1AC-AE6C470D7227}.Release|PS3.Build.0 = Release|PS3
		{816BF0CB-1BB5-4080-865E-D35B266AD71A}.Debug|PS3.ActiveCfg = Debug|PS3
		{816BF0CB-1BB5-4080-865E-D35B266AD71A}.Debug|PS3.Build.0 = Debug|PS3
		{816BF0CB-1BB5-4080-865E-D35B266AD71A}.Release|PS3.ActiveCfg = Release|PS3
		{816BF0CB-1BB5-4080-865E-D35B266AD71A}.Release|PS3.Build.0 = Release|PS3
		{EC70F1DD-66C8-4274-8ACE-749278BBEE58}.Debug|PS3.ActiveCfg = Debug|PS3
		{EC70F1DD-66C8-4274-8ACE-749278BBEE58}.Debug|PS3.Build.0 = Debug|PS3
		{EC70F1DD-66C8-4274-8ACE-749278BBEE58}.Release|PS3.ActiveCfg = Release|PS3
		{EC70F1DD-66C8-4274-8ACE-749278BBEE58}.Release|PS3.Build.0 = Release|PS3
		{9D9F4B96-246A-402D-85EA-FF9FC37E587B}.Debug|PS3.ActiveCfg = Debug|PS3
		{9D9F4B96-246A-402D-85EA-FF9FC37E587B}.Debug|PS3.Build.0 = Debug|PS3
		{9D9F4B96-246A-402D-85EA-FF9FC37E587B}.Release|PS3.ActiveCfg = Release|PS3
		{9D9F4B96-246A-402D-85EA-FF9FC37E587B}.Release|PS3.Build.0 = Release|PS3
		{74796201-608B-4F4F-9A06-4F177AF83B0C}.Debug|PS3.ActiveCfg = Debug|PS3
		{74796201-608B-4F4F-9A06-4F177AF83B0C}.Debug|PS3.Build.0 = Debug|PS3
		{74796201-608B-4F4F-9A06-4F177AF83B0C}.Release|PS3.ActiveCfg = Release|PS3
		{74796201-608B-4F4F-9A06-4F177AF83B0C}.Release|PS3.Build.0 = Release|PS3
		{508E1ECD-CCCD-47FD-A3A8-0792621190CA}.Debug|PS3.ActiveCfg = Debug|PS3
		{508E1ECD-CCCD-47FD-A3A8-0792621190CA}.Debug|PS3.Build.0 = Debug|PS3
		{508E1ECD-CCCD-47FD-A3A8-0792621190CA}.Release|PS3.ActiveCfg = Release|PS3
		{508E1ECD-CCCD-47FD-A3A8-0792621190CA}.Release|PS3.Build.0 = Release|PS3
		{A9720B30-1AF7-4DDF-85C8-3D03BE20A68A}.Debug|PS3.ActiveCfg = Debug|PS3
		{A9720B30-1AF7-4DDF-85C8-3D03BE20A68A}.Debug|PS3.Build.0 = Debug|PS3
		{A9720B30-1AF7-4DDF-85C8-3D03BE20A68A}.Release|PS3.ActiveCfg = Release|PS3
		{A9720B30-1AF7-4DDF-85C8-3D03BE20A68A}.Release|PS3.Build.0 = Release|PS3
		{58C6A193-D4B2-4AFF-8EFC-93C93A5294E8}.Debug|PS3.ActiveCfg = Debug|PS3
		{58C6A193-D4B2-4AFF-8EFC-93C93A5294E8}.Debug|PS3.Build.0 = Debug|PS3
		{58C6A193-D4B2-4AFF-8EFC-93C93A5294E8}.Release|PS3.ActiveCfg = Release|PS3
		{58C6A193-D4B2-4AFF-8EFC-93C93A5294E8}.Release|PS3.Build.0 = Release|PS3
		{9948C615-B345-47FC-85F0-DA8989A3C3C5}.Debug|PS3.ActiveCfg = Debug|PS3
		{9948C615-B345-47FC-85F0-DA8989A3C3C5}.Debug|PS3.Build.0 = Debug|PS3
		{9948C615-B345-47FC-85F0-DA8989A3C3C5}.Release|PS3.ActiveCfg = Release|PS3
		{9948C615-B345-47FC-85F0-DA8989A3C3C5}.Release|PS3.Build.0 = Release|PS3
		{D22F76BF-1D58-4D7D-9DE1-6A9C0B913512}.Debug|PS3.ActiveCfg = Debug|PS3
		{D22F76BF-1D58-4D7D-9DE1-6A9C0B913512}.Debug|PS3.Build.0 = Debug|PS3
		{D22F76BF-1D58-4D7D-9DE1-6A9C0B913512}.Release|PS3.ActiveCfg = Release|PS3
		{D22F76BF-1D58-4D7D-9DE1-6A9C0B913512}.Release|PS3.Build.0 = Release|PS3
		{B75424D9-AF24-45A7-B0AC-798774BF2C0C}.Debug|PS3.ActiveCfg = Debug|PS3
		{B75424D9-AF24-45A7-B0AC-798774BF2C0C}.Debug|PS3.Build.0 = Debug|PS3
		{B75424D9-AF24-45A7-B0AC-798774BF2C0C}.Release|PS3.ActiveCfg = Release|PS3
		{B75424D9-AF24-45A7-B0AC-798774BF2C0C}.Release|PS3.Build.0 = Release|PS3
	EndGlobalSection
	GlobalSection(SolutionProperties) = preSolution
		HideSolutionNode = FALSE
	EndGlobalSection
EndGlobal
